{
  "name": "@example/basics",
  "version": "0.0.1",
  "lockfileVersion": 1,
  "requires": true,
  "dependencies": {
    "pnpm": {
      "version": "7.24.3",
      "resolved": "https://registry.npmjs.org/pnpm/-/pnpm-7.24.3.tgz",
      "integrity": "sha512-0fpP1l16xOY8YwsATSLodNNBa7bitV1cNY475fioVLR7Thx5tkCtdp3xIlvZYX8ZoPtedLhGn3fICC409HQSNQ=="
    }
  }
}
